
Microsoft Visual Studio Solution File, Format Version 12.00
# Visual Studio Version 17
VisualStudioVersion = 17.9.34701.34
MinimumVisualStudioVersion = 10.0.40219.1
Project("{9A19103F-16F7-4668-BE54-9A1E7A4F7556}") = "GeneratingRandomObject", "GeneratingRandomObject\GeneratingRandomObject.csproj", "{2A71426C-A6A2-4538-9427-29DA033B29CE}"
EndProject
Project("{9A19103F-16F7-4668-BE54-9A1E7A4F7556}") = "OpenSearchTest", "OpenSearchTest\OpenSearchTest.csproj", "{BBBFB68B-54F8-4DB7-AC7F-61D3027A61A7}"
EndProject
Global
	GlobalSection(SolutionConfigurationPlatforms) = preSolution
		Debug|Any CPU = Debug|Any CPU
		Release|Any CPU = Release|Any CPU
	EndGlobalSection
	GlobalSection(ProjectConfigurationPlatforms) = postSolution
		{2A71426C-A6A2-4538-9427-29DA033B29CE}.Debug|Any CPU.ActiveCfg = Debug|Any CPU
		{2A71426C-A6A2-4538-9427-29DA033B29CE}.Debug|Any CPU.Build.0 = Debug|Any CPU
		{2A71426C-A6A2-4538-9427-29DA033B29CE}.Release|Any CPU.ActiveCfg = Release|Any CPU
		{2A71426C-A6A2-4538-9427-29DA033B29CE}.Release|Any CPU.Build.0 = Release|Any CPU
		{BBBFB68B-54F8-4DB7-AC7F-61D3027A61A7}.Debug|Any CPU.ActiveCfg = Debug|Any CPU
		{BBBFB68B-54F8-4DB7-AC7F-61D3027A61A7}.Debug|Any CPU.Build.0 = Debug|Any CPU
		{BBBFB68B-54F8-4DB7-AC7F-61D3027A61A7}.Release|Any CPU.ActiveCfg = Release|Any CPU
		{BBBFB68B-54F8-4DB7-AC7F-61D3027A61A7}.Release|Any CPU.Build.0 = Release|Any CPU
	EndGlobalSection
	GlobalSection(SolutionProperties) = preSolution
		HideSolutionNode = FALSE
	EndGlobalSection
	GlobalSection(ExtensibilityGlobals) = postSolution
		SolutionGuid = {0AF50704-85F6-42BB-AAE8-6D86208B0BC9}
	EndGlobalSection
EndGlobal
